
Microsoft Visual Studio Solution File, Format Version 12.00
# Visual Studio Version 17
VisualStudioVersion = 17.11.35222.181
MinimumVisualStudioVersion = 10.0.40219.1
Project("{FAE04EC0-301F-11D3-BF4B-00C04F79EFBC}") = "DapperWebApi", "DapperWebApi\DapperWebApi.csproj", "{32611E71-ACD6-43D2-A6FA-41699BEE460E}"
EndProject
Global
	GlobalSection(SolutionConfigurationPlatforms) = preSolution
		Debug|Any CPU = Debug|Any CPU
		Release|Any CPU = Release|Any CPU
	EndGlobalSection
	GlobalSection(ProjectConfigurationPlatforms) = postSolution
		{32611E71-ACD6-43D2-A6FA-41699BEE460E}.Debug|Any CPU.ActiveCfg = Debug|Any CPU
		{32611E71-ACD6-43D2-A6FA-41699BEE460E}.Debug|Any CPU.Build.0 = Debug|Any CPU
		{32611E71-ACD6-43D2-A6FA-41699BEE460E}.Release|Any CPU.ActiveCfg = Release|Any CPU
		{32611E71-ACD6-43D2-A6FA-41699BEE460E}.Release|Any CPU.Build.0 = Release|Any CPU
	EndGlobalSection
	GlobalSection(SolutionProperties) = preSolution
		HideSolutionNode = FALSE
	EndGlobalSection
	GlobalSection(ExtensibilityGlobals) = postSolution
		SolutionGuid = {6879E014-3752-4F35-963E-9189A54F6160}
	EndGlobalSection
EndGlobal
